// !$*UTF8*$!
{
	archiveVersion = 1;
	classes = {
	};
	objectVersion = 56;
	objects = {

/* Begin PBXBuildFile section */
		1229396B2BC5E8F2000F95B6 /* main.cpp in Sources */ = {isa = PBXBuildFile; fileRef = 1229396A2BC5E8F2000F95B6 /* main.cpp */; };
		122939742BC5E9EB000F95B6 /* libsfml-audio.2.6.1.dylib in Frameworks */ = {isa = PBXBuildFile; fileRef = 122939732BC5E9EB000F95B6 /* libsfml-audio.2.6.1.dylib */; };
		122939762BC5E9F7000F95B6 /* libsfml-graphics.2.6.1.dylib in Frameworks */ = {isa = PBXBuildFile; fileRef = 122939752BC5E9F7000F95B6 /* libsfml-graphics.2.6.1.dylib */; };
		122939782BC5EA03000F95B6 /* libsfml-network.2.6.1.dylib in Frameworks */ = {isa = PBXBuildFile; fileRef = 122939772BC5EA03000F95B6 /* libsfml-network.2.6.1.dylib */; };
		1229397A2BC5EA0F000F95B6 /* libsfml-system.2.6.1.dylib in Frameworks */ = {isa = PBXBuildFile; fileRef = 122939792BC5EA0F000F95B6 /* libsfml-system.2.6.1.dylib */; };
		1229397C2BC5EA1B000F95B6 /* libsfml-window.2.6.1.dylib in Frameworks */ = {isa = PBXBuildFile; fileRef = 1229397B2BC5EA1B000F95B6 /* libsfml-window.2.6.1.dylib */; };
		122939842BC5F2BE000F95B6 /* Resources in CopyFiles */ = {isa = PBXBuildFile; fileRef = 1229397F2BC5F231000F95B6 /* Resources */; };
/* End PBXBuildFile section */

/* Begin PBXCopyFilesBuildPhase section */
		122939652BC5E8F2000F95B6 /* CopyFiles */ = {
			isa = PBXCopyFilesBuildPhase;
			buildActionMask = 2147483647;
			dstPath = /usr/share/man/man1/;
			dstSubfolderSpec = 0;
			files = (
			);
			runOnlyForDeploymentPostprocessing = 1;
		};
		122939832BC5F2B6000F95B6 /* CopyFiles */ = {
			isa = PBXCopyFilesBuildPhase;
			buildActionMask = 2147483647;
			dstPath = "";
			dstSubfolderSpec = 7;
			files = (
				122939842BC5F2BE000F95B6 /* Resources in CopyFiles */,
			);
			runOnlyForDeploymentPostprocessing = 0;
		};
/* End PBXCopyFilesBuildPhase section */

/* Begin PBXFileReference section */
		122939672BC5E8F2000F95B6 /* Memory Squares */ = {isa = PBXFileReference; explicitFileType = "compiled.mach-o.executable"; includeInIndex = 0; path = "Memory Squares"; sourceTree = BUILT_PRODUCTS_DIR; };
		1229396A2BC5E8F2000F95B6 /* main.cpp */ = {isa = PBXFileReference; lastKnownFileType = sourcecode.cpp.cpp; path = main.cpp; sourceTree = "<group>"; };
		122939712BC5E921000F95B6 /* game.h */ = {isa = PBXFileReference; lastKnownFileType = sourcecode.c.h; path = game.h; sourceTree = "<group>"; };
		122939732BC5E9EB000F95B6 /* libsfml-audio.2.6.1.dylib */ = {isa = PBXFileReference; lastKnownFileType = "compiled.mach-o.dylib"; name = "libsfml-audio.2.6.1.dylib"; path = "../ExternalLibraries/SFML/lib/libsfml-audio.2.6.1.dylib"; sourceTree = "<group>"; };
		122939752BC5E9F7000F95B6 /* libsfml-graphics.2.6.1.dylib */ = {isa = PBXFileReference; lastKnownFileType = "compiled.mach-o.dylib"; name = "libsfml-graphics.2.6.1.dylib"; path = "../ExternalLibraries/SFML/lib/libsfml-graphics.2.6.1.dylib"; sourceTree = "<group>"; };
		122939772BC5EA03000F95B6 /* libsfml-network.2.6.1.dylib */ = {isa = PBXFileReference; lastKnownFileType = "compiled.mach-o.dylib"; name = "libsfml-network.2.6.1.dylib"; path = "../ExternalLibraries/SFML/lib/libsfml-network.2.6.1.dylib"; sourceTree = "<group>"; };
		122939792BC5EA0F000F95B6 /* libsfml-system.2.6.1.dylib */ = {isa = PBXFileReference; lastKnownFileType = "compiled.mach-o.dylib"; name = "libsfml-system.2.6.1.dylib"; path = "../ExternalLibraries/SFML/lib/libsfml-system.2.6.1.dylib"; sourceTree = "<group>"; };
		1229397B2BC5EA1B000F95B6 /* libsfml-window.2.6.1.dylib */ = {isa = PBXFileReference; lastKnownFileType = "compiled.mach-o.dylib"; name = "libsfml-window.2.6.1.dylib"; path = "../ExternalLibraries/SFML/lib/libsfml-window.2.6.1.dylib"; sourceTree = "<group>"; };
		1229397F2BC5F231000F95B6 /* Resources */ = {isa = PBXFileReference; lastKnownFileType = folder; path = Resources; sourceTree = "<group>"; };
/* End PBXFileReference section */

/* Begin PBXFrameworksBuildPhase section */
		122939642BC5E8F2000F95B6 /* Frameworks */ = {
			isa = PBXFrameworksBuildPhase;
			buildActionMask = 2147483647;
			files = (
				1229397C2BC5EA1B000F95B6 /* libsfml-window.2.6.1.dylib in Frameworks */,
				1229397A2BC5EA0F000F95B6 /* libsfml-system.2.6.1.dylib in Frameworks */,
				122939782BC5EA03000F95B6 /* libsfml-network.2.6.1.dylib in Frameworks */,
				122939762BC5E9F7000F95B6 /* libsfml-graphics.2.6.1.dylib in Frameworks */,
				122939742BC5E9EB000F95B6 /* libsfml-audio.2.6.1.dylib in Frameworks */,
			);
			runOnlyForDeploymentPostprocessing = 0;
		};
/* End PBXFrameworksBuildPhase section */

/* Begin PBXGroup section */
		1229395E2BC5E8F2000F95B6 = {
			isa = PBXGroup;
			children = (
				122939692BC5E8F2000F95B6 /* Memory Squares */,
				122939682BC5E8F2000F95B6 /* Products */,
				122939722BC5E9EB000F95B6 /* Frameworks */,
			);
			sourceTree = "<group>";
		};
		122939682BC5E8F2000F95B6 /* Products */ = {
			isa = PBXGroup;
			children = (
				122939672BC5E8F2000F95B6 /* Memory Squares */,
			);
			name = Products;
			sourceTree = "<group>";
		};
		122939692BC5E8F2000F95B6 /* Memory Squares */ = {
			isa = PBXGroup;
			children = (
				1229397F2BC5F231000F95B6 /* Resources */,
				1229396A2BC5E8F2000F95B6 /* main.cpp */,
				122939712BC5E921000F95B6 /* game.h */,
			);
			path = "Memory Squares";
			sourceTree = "<group>";
		};
		122939722BC5E9EB000F95B6 /* Frameworks */ = {
			isa = PBXGroup;
			children = (
				1229397B2BC5EA1B000F95B6 /* libsfml-window.2.6.1.dylib */,
				122939792BC5EA0F000F95B6 /* libsfml-system.2.6.1.dylib */,
				122939772BC5EA03000F95B6 /* libsfml-network.2.6.1.dylib */,
				122939752BC5E9F7000F95B6 /* libsfml-graphics.2.6.1.dylib */,
				122939732BC5E9EB000F95B6 /* libsfml-audio.2.6.1.dylib */,
			);
			name = Frameworks;
			sourceTree = "<group>";
		};
/* End PBXGroup section */

/* Begin PBXNativeTarget section */
		122939662BC5E8F2000F95B6 /* Memory Squares */ = {
			isa = PBXNativeTarget;
			buildConfigurationList = 1229396E2BC5E8F2000F95B6 /* Build configuration list for PBXNativeTarget "Memory Squares" */;
			buildPhases = (
				122939632BC5E8F2000F95B6 /* Sources */,
				122939642BC5E8F2000F95B6 /* Frameworks */,
				122939652BC5E8F2000F95B6 /* CopyFiles */,
				122939832BC5F2B6000F95B6 /* CopyFiles */,
			);
			buildRules = (
			);
			dependencies = (
			);
			name = "Memory Squares";
			productName = "Memory Squares";
			productReference = 122939672BC5E8F2000F95B6 /* Memory Squares */;
			productType = "com.apple.product-type.tool";
		};
/* End PBXNativeTarget section */

/* Begin PBXProject section */
		1229395F2BC5E8F2000F95B6 /* Project object */ = {
			isa = PBXProject;
			attributes = {
				BuildIndependentTargetsInParallel = 1;
				LastUpgradeCheck = 1430;
				TargetAttributes = {
					122939662BC5E8F2000F95B6 = {
						CreatedOnToolsVersion = 14.3.1;
					};
				};
			};
			buildConfigurationList = 122939622BC5E8F2000F95B6 /* Build configuration list for PBXProject "Memory Squares" */;
			compatibilityVersion = "Xcode 14.0";
			developmentRegion = en;
			hasScannedForEncodings = 0;
			knownRegions = (
				en,
				Base,
			);
			mainGroup = 1229395E2BC5E8F2000F95B6;
			productRefGroup = 122939682BC5E8F2000F95B6 /* Products */;
			projectDirPath = "";
			projectRoot = "";
			targets = (
				122939662BC5E8F2000F95B6 /* Memory Squares */,
			);
		};
/* End PBXProject section */

/* Begin PBXSourcesBuildPhase section */
		122939632BC5E8F2000F95B6 /* Sources */ = {
			isa = PBXSourcesBuildPhase;
			buildActionMask = 2147483647;
			files = (
				1229396B2BC5E8F2000F95B6 /* main.cpp in Sources */,
			);
			runOnlyForDeploymentPostprocessing = 0;
		};
/* End PBXSourcesBuildPhase section */

/* Begin XCBuildConfiguration section */
		1229396C2BC5E8F2000F95B6 /* Debug */ = {
			isa = XCBuildConfiguration;
			buildSettings = {
				ALWAYS_SEARCH_USER_PATHS = NO;
				CLANG_ANALYZER_NONNULL = YES;
				CLANG_ANALYZER_NUMBER_OBJECT_CONVERSION = YES_AGGRESSIVE;
				CLANG_CXX_LANGUAGE_STANDARD = "gnu++20";
				CLANG_ENABLE_MODULES = YES;
				CLANG_ENABLE_OBJC_ARC = YES;
				CLANG_ENABLE_OBJC_WEAK = YES;
				CLANG_WARN_BLOCK_CAPTURE_AUTORELEASING = YES;
				CLANG_WARN_BOOL_CONVERSION = YES;
				CLANG_WARN_COMMA = YES;
				CLANG_WARN_CONSTANT_CONVERSION = YES;
				CLANG_WARN_DEPRECATED_OBJC_IMPLEMENTATIONS = YES;
				CLANG_WARN_DIRECT_OBJC_ISA_USAGE = YES_ERROR;
				CLANG_WARN_DOCUMENTATION_COMMENTS = YES;
				CLANG_WARN_EMPTY_BODY = YES;
				CLANG_WARN_ENUM_CONVERSION = YES;
				CLANG_WARN_INFINITE_RECURSION = YES;
				CLANG_WARN_INT_CONVERSION = YES;
				CLANG_WARN_NON_LITERAL_NULL_CONVERSION = YES;
				CLANG_WARN_OBJC_IMPLICIT_RETAIN_SELF = YES;
				CLANG_WARN_OBJC_LITERAL_CONVERSION = YES;
				CLANG_WARN_OBJC_ROOT_CLASS = YES_ERROR;
				CLANG_WARN_QUOTED_INCLUDE_IN_FRAMEWORK_HEADER = YES;
				CLANG_WARN_RANGE_LOOP_ANALYSIS = YES;
				CLANG_WARN_STRICT_PROTOTYPES = YES;
				CLANG_WARN_SUSPICIOUS_MOVE = YES;
				CLANG_WARN_UNGUARDED_AVAILABILITY = YES_AGGRESSIVE;
				CLANG_WARN_UNREACHABLE_CODE = YES;
				CLANG_WARN__DUPLICATE_METHOD_MATCH = YES;
				COPY_PHASE_STRIP = NO;
				DEBUG_INFORMATION_FORMAT = dwarf;
				ENABLE_STRICT_OBJC_MSGSEND = YES;
				ENABLE_TESTABILITY = YES;
				GCC_C_LANGUAGE_STANDARD = gnu11;
				GCC_DYNAMIC_NO_PIC = NO;
				GCC_NO_COMMON_BLOCKS = YES;
				GCC_OPTIMIZATION_LEVEL = 0;
				GCC_PREPROCESSOR_DEFINITIONS = (
					"DEBUG=1",
					"$(inherited)",
				);
				GCC_WARN_64_TO_32_BIT_CONVERSION = YES;
				GCC_WARN_ABOUT_RETURN_TYPE = YES_ERROR;
				GCC_WARN_UNDECLARED_SELECTOR = YES;
				GCC_WARN_UNINITIALIZED_AUTOS = YES_AGGRESSIVE;
				GCC_WARN_UNUSED_FUNCTION = YES;
				GCC_WARN_UNUSED_VARIABLE = YES;
				MACOSX_DEPLOYMENT_TARGET = 13.0;
				MTL_ENABLE_DEBUG_INFO = INCLUDE_SOURCE;
				MTL_FAST_MATH = YES;
				ONLY_ACTIVE_ARCH = YES;
				SDKROOT = macosx;
			};
			name = Debug;
		};
		1229396D2BC5E8F2000F95B6 /* Release */ = {
			isa = XCBuildConfiguration;
			buildSettings = {
				ALWAYS_SEARCH_USER_PATHS = NO;
				CLANG_ANALYZER_NONNULL = YES;
				CLANG_ANALYZER_NUMBER_OBJECT_CONVERSION = YES_AGGRESSIVE;
				CLANG_CXX_LANGUAGE_STANDARD = "gnu++20";
				CLANG_ENABLE_MODULES = YES;
				CLANG_ENABLE_OBJC_ARC = YES;
				CLANG_ENABLE_OBJC_WEAK = YES;
				CLANG_WARN_BLOCK_CAPTURE_AUTORELEASING = YES;
				CLANG_WARN_BOOL_CONVERSION = YES;
				CLANG_WARN_COMMA = YES;
				CLANG_WARN_CONSTANT_CONVERSION = YES;
				CLANG_WARN_DEPRECATED_OBJC_IMPLEMENTATIONS = YES;
				CLANG_WARN_DIRECT_OBJC_ISA_USAGE = YES_ERROR;
				CLANG_WARN_DOCUMENTATION_COMMENTS = YES;
				CLANG_WARN_EMPTY_BODY = YES;
				CLANG_WARN_ENUM_CONVERSION = YES;
				CLANG_WARN_INFINITE_RECURSION = YES;
				CLANG_WARN_INT_CONVERSION = YES;
				CLANG_WARN_NON_LITERAL_NULL_CONVERSION = YES;
				CLANG_WARN_OBJC_IMPLICIT_RETAIN_SELF = YES;
				CLANG_WARN_OBJC_LITERAL_CONVERSION = YES;
				CLANG_WARN_OBJC_ROOT_CLASS = YES_ERROR;
				CLANG_WARN_QUOTED_INCLUDE_IN_FRAMEWORK_HEADER = YES;
				CLANG_WARN_RANGE_LOOP_ANALYSIS = YES;
				CLANG_WARN_STRICT_PROTOTYPES = YES;
				CLANG_WARN_SUSPICIOUS_MOVE = YES;
				CLANG_WARN_UNGUARDED_AVAILABILITY = YES_AGGRESSIVE;
				CLANG_WARN_UNREACHABLE_CODE = YES;
				CLANG_WARN__DUPLICATE_METHOD_MATCH = YES;
				COPY_PHASE_STRIP = NO;
				DEBUG_INFORMATION_FORMAT = "dwarf-with-dsym";
				ENABLE_NS_ASSERTIONS = NO;
				ENABLE_STRICT_OBJC_MSGSEND = YES;
				GCC_C_LANGUAGE_STANDARD = gnu11;
				GCC_NO_COMMON_BLOCKS = YES;
				GCC_WARN_64_TO_32_BIT_CONVERSION = YES;
				GCC_WARN_ABOUT_RETURN_TYPE = YES_ERROR;
				GCC_WARN_UNDECLARED_SELECTOR = YES;
				GCC_WARN_UNINITIALIZED_AUTOS = YES_AGGRESSIVE;
				GCC_WARN_UNUSED_FUNCTION = YES;
				GCC_WARN_UNUSED_VARIABLE = YES;
				MACOSX_DEPLOYMENT_TARGET = 13.0;
				MTL_ENABLE_DEBUG_INFO = NO;
				MTL_FAST_MATH = YES;
				SDKROOT = macosx;
			};
			name = Release;
		};
		1229396F2BC5E8F2000F95B6 /* Debug */ = {
			isa = XCBuildConfiguration;
			buildSettings = {
				CODE_SIGN_STYLE = Automatic;
				DEVELOPMENT_ASSET_PATHS = "";
				HEADER_SEARCH_PATHS = "\"/Users/williamarmstrong/Desktop/Programming/C++/C++ SFML/Projects/ExternalLibraries/SFML/include\"";
				LIBRARY_SEARCH_PATHS = "\"/Users/williamarmstrong/Desktop/Programming/C++/C++ SFML/Projects/ExternalLibraries/SFML/lib\"";
				PRODUCT_NAME = "$(TARGET_NAME)";
			};
			name = Debug;
		};
		122939702BC5E8F2000F95B6 /* Release */ = {
			isa = XCBuildConfiguration;
			buildSettings = {
				CODE_SIGN_STYLE = Automatic;
				DEVELOPMENT_ASSET_PATHS = "";
				HEADER_SEARCH_PATHS = "\"/Users/williamarmstrong/Desktop/Programming/C++/C++ SFML/Projects/ExternalLibraries/SFML/include\"";
				LIBRARY_SEARCH_PATHS = "\"/Users/williamarmstrong/Desktop/Programming/C++/C++ SFML/Projects/ExternalLibraries/SFML/lib\"";
				PRODUCT_NAME = "$(TARGET_NAME)";
			};
			name = Release;
		};
/* End XCBuildConfiguration section */

/* Begin XCConfigurationList section */
		122939622BC5E8F2000F95B6 /* Build configuration list for PBXProject "Memory Squares" */ = {
			isa = XCConfigurationList;
			buildConfigurations = (
				1229396C2BC5E8F2000F95B6 /* Debug */,
				1229396D2BC5E8F2000F95B6 /* Release */,
			);
			defaultConfigurationIsVisible = 0;
			defaultConfigurationName = Release;
		};
		1229396E2BC5E8F2000F95B6 /* Build configuration list for PBXNativeTarget "Memory Squares" */ = {
			isa = XCConfigurationList;
			buildConfigurations = (
				1229396F2BC5E8F2000F95B6 /* Debug */,
				122939702BC5E8F2000F95B6 /* Release */,
			);
			defaultConfigurationIsVisible = 0;
			defaultConfigurationName = Release;
		};
/* End XCConfigurationList section */
	};
	rootObject = 1229395F2BC5E8F2000F95B6 /* Project object */;
}
